
Microsoft Visual Studio Solution File, Format Version 12.00
# Visual Studio Version 16
VisualStudioVersion = 16.0.32228.343
MinimumVisualStudioVersion = 10.0.40219.1
Project("{888888A0-9F3D-457C-B088-3A5042F75D52}") = "Python_DjangoWeb", "Python_DjangoWeb.pyproj", "{28EBC8B5-A129-464C-859B-42E3AA899356}"
EndProject
Global
	GlobalSection(SolutionConfigurationPlatforms) = preSolution
		Debug|Any CPU = Debug|Any CPU
		Release|Any CPU = Release|Any CPU
	EndGlobalSection
	GlobalSection(ProjectConfigurationPlatforms) = postSolution
		{28EBC8B5-A129-464C-859B-42E3AA899356}.Debug|Any CPU.ActiveCfg = Debug|Any CPU
		{28EBC8B5-A129-464C-859B-42E3AA899356}.Debug|Any CPU.Build.0 = Debug|Any CPU
		{28EBC8B5-A129-464C-859B-42E3AA899356}.Release|Any CPU.ActiveCfg = Release|Any CPU
		{28EBC8B5-A129-464C-859B-42E3AA899356}.Release|Any CPU.Build.0 = Release|Any CPU
	EndGlobalSection
	GlobalSection(SolutionProperties) = preSolution
		HideSolutionNode = FALSE
	EndGlobalSection
	GlobalSection(ExtensibilityGlobals) = postSolution
		SolutionGuid = {81F76BD7-87EE-49FF-B72E-B7CED6EE22D6}
	EndGlobalSection
EndGlobal
